
Microsoft Visual Studio Solution File, Format Version 12.00
Project("{2150E333-8FDC-42A3-9474-1A3956D46DE8}") = "src", "src", "{10A416D2-84AA-4AAE-8623-46D33C35F915}"
EndProject
Project("{2150E333-8FDC-42A3-9474-1A3956D46DE8}") = "tests", "tests", "{B669DD71-9655-4298-8BD4-7E863B076D34}"
EndProject
Project("{FAE04EC0-301F-11D3-BF4B-00C04F79EFBC}") = "Zaabee.Mongo", "src\Zaabee.Mongo\Zaabee.Mongo.csproj", "{5AE45D94-C527-482D-A945-EE8AA3636069}"
EndProject
Project("{FAE04EC0-301F-11D3-BF4B-00C04F79EFBC}") = "Zaabee.Mongo.Abstractions", "src\Zaabee.Mongo.Abstractions\Zaabee.Mongo.Abstractions.csproj", "{74938AE2-7A05-4686-B497-E8907CF0BDF4}"
EndProject
Project("{FAE04EC0-301F-11D3-BF4B-00C04F79EFBC}") = "Zaabee.Mongo.UnitTest", "tests\Zaabee.Mongo.UnitTest\Zaabee.Mongo.UnitTest.csproj", "{2A9ECA2C-75F3-46A5-BA09-B149D4F3F76A}"
EndProject
Project("{FAE04EC0-301F-11D3-BF4B-00C04F79EFBC}") = "Zaabee.Mongo.Extension", "src\Zaabee.Mongo.Extension\Zaabee.Mongo.Extension.csproj", "{EF9AE828-079C-481E-8A58-26D4726BAB3C}"
EndProject
Project("{FAE04EC0-301F-11D3-BF4B-00C04F79EFBC}") = "Zaabee.Mongo.Extension.UnitTest", "tests\Zaabee.Mongo.Extension.UnitTest\Zaabee.Mongo.Extension.UnitTest.csproj", "{7867CEC9-E63A-4C74-8E20-3D3C0994B3B9}"
EndProject
Global
	GlobalSection(SolutionConfigurationPlatforms) = preSolution
		Debug|Any CPU = Debug|Any CPU
		Release|Any CPU = Release|Any CPU
	EndGlobalSection
	GlobalSection(ProjectConfigurationPlatforms) = postSolution
		{5AE45D94-C527-482D-A945-EE8AA3636069}.Debug|Any CPU.ActiveCfg = Debug|Any CPU
		{5AE45D94-C527-482D-A945-EE8AA3636069}.Debug|Any CPU.Build.0 = Debug|Any CPU
		{5AE45D94-C527-482D-A945-EE8AA3636069}.Release|Any CPU.ActiveCfg = Release|Any CPU
		{5AE45D94-C527-482D-A945-EE8AA3636069}.Release|Any CPU.Build.0 = Release|Any CPU
		{74938AE2-7A05-4686-B497-E8907CF0BDF4}.Debug|Any CPU.ActiveCfg = Debug|Any CPU
		{74938AE2-7A05-4686-B497-E8907CF0BDF4}.Debug|Any CPU.Build.0 = Debug|Any CPU
		{74938AE2-7A05-4686-B497-E8907CF0BDF4}.Release|Any CPU.ActiveCfg = Release|Any CPU
		{74938AE2-7A05-4686-B497-E8907CF0BDF4}.Release|Any CPU.Build.0 = Release|Any CPU
		{2A9ECA2C-75F3-46A5-BA09-B149D4F3F76A}.Debug|Any CPU.ActiveCfg = Debug|Any CPU
		{2A9ECA2C-75F3-46A5-BA09-B149D4F3F76A}.Debug|Any CPU.Build.0 = Debug|Any CPU
		{2A9ECA2C-75F3-46A5-BA09-B149D4F3F76A}.Release|Any CPU.ActiveCfg = Release|Any CPU
		{2A9ECA2C-75F3-46A5-BA09-B149D4F3F76A}.Release|Any CPU.Build.0 = Release|Any CPU
		{EF9AE828-079C-481E-8A58-26D4726BAB3C}.Debug|Any CPU.ActiveCfg = Debug|Any CPU
		{EF9AE828-079C-481E-8A58-26D4726BAB3C}.Debug|Any CPU.Build.0 = Debug|Any CPU
		{EF9AE828-079C-481E-8A58-26D4726BAB3C}.Release|Any CPU.ActiveCfg = Release|Any CPU
		{EF9AE828-079C-481E-8A58-26D4726BAB3C}.Release|Any CPU.Build.0 = Release|Any CPU
		{7867CEC9-E63A-4C74-8E20-3D3C0994B3B9}.Debug|Any CPU.ActiveCfg = Debug|Any CPU
		{7867CEC9-E63A-4C74-8E20-3D3C0994B3B9}.Debug|Any CPU.Build.0 = Debug|Any CPU
		{7867CEC9-E63A-4C74-8E20-3D3C0994B3B9}.Release|Any CPU.ActiveCfg = Release|Any CPU
		{7867CEC9-E63A-4C74-8E20-3D3C0994B3B9}.Release|Any CPU.Build.0 = Release|Any CPU
	EndGlobalSection
	GlobalSection(NestedProjects) = preSolution
		{5AE45D94-C527-482D-A945-EE8AA3636069} = {10A416D2-84AA-4AAE-8623-46D33C35F915}
		{74938AE2-7A05-4686-B497-E8907CF0BDF4} = {10A416D2-84AA-4AAE-8623-46D33C35F915}
		{2A9ECA2C-75F3-46A5-BA09-B149D4F3F76A} = {B669DD71-9655-4298-8BD4-7E863B076D34}
		{EF9AE828-079C-481E-8A58-26D4726BAB3C} = {10A416D2-84AA-4AAE-8623-46D33C35F915}
		{7867CEC9-E63A-4C74-8E20-3D3C0994B3B9} = {B669DD71-9655-4298-8BD4-7E863B076D34}
	EndGlobalSection
EndGlobal
